
Microsoft Visual Studio Solution File, Format Version 12.00
# Visual Studio Version 17
VisualStudioVersion = 17.5.33627.172
MinimumVisualStudioVersion = 10.0.40219.1
Project("{FAE04EC0-301F-11D3-BF4B-00C04F79EFBC}") = "mapz_lab4", "mapz_lab4\mapz_lab4.csproj", "{0CB3DC49-51BF-4B71-B99C-7ADAA5D55CD3}"
EndProject
Global
	GlobalSection(SolutionConfigurationPlatforms) = preSolution
		Debug|Any CPU = Debug|Any CPU
		Release|Any CPU = Release|Any CPU
	EndGlobalSection
	GlobalSection(ProjectConfigurationPlatforms) = postSolution
		{0CB3DC49-51BF-4B71-B99C-7ADAA5D55CD3}.Debug|Any CPU.ActiveCfg = Debug|Any CPU
		{0CB3DC49-51BF-4B71-B99C-7ADAA5D55CD3}.Debug|Any CPU.Build.0 = Debug|Any CPU
		{0CB3DC49-51BF-4B71-B99C-7ADAA5D55CD3}.Release|Any CPU.ActiveCfg = Release|Any CPU
		{0CB3DC49-51BF-4B71-B99C-7ADAA5D55CD3}.Release|Any CPU.Build.0 = Release|Any CPU
	EndGlobalSection
	GlobalSection(SolutionProperties) = preSolution
		HideSolutionNode = FALSE
	EndGlobalSection
	GlobalSection(ExtensibilityGlobals) = postSolution
		SolutionGuid = {EFFCA4EA-ECAF-44EA-9968-E80FA9F00101}
	EndGlobalSection
EndGlobal
